
Microsoft Visual Studio Solution File, Format Version 12.00
# Visual Studio 15
VisualStudioVersion = 15.0.28307.539
MinimumVisualStudioVersion = 10.0.40219.1
Project("{FAE04EC0-301F-11D3-BF4B-00C04F79EFBC}") = "MoveWithNoneBorder", "MoveWithNoneBorder\MoveWithNoneBorder.csproj", "{42714CFB-5E93-46F1-91E9-AEFEFD401333}"
EndProject
Global
	GlobalSection(SolutionConfigurationPlatforms) = preSolution
		Debug|Any CPU = Debug|Any CPU
		Release|Any CPU = Release|Any CPU
	EndGlobalSection
	GlobalSection(ProjectConfigurationPlatforms) = postSolution
		{42714CFB-5E93-46F1-91E9-AEFEFD401333}.Debug|Any CPU.ActiveCfg = Debug|Any CPU
		{42714CFB-5E93-46F1-91E9-AEFEFD401333}.Debug|Any CPU.Build.0 = Debug|Any CPU
		{42714CFB-5E93-46F1-91E9-AEFEFD401333}.Release|Any CPU.ActiveCfg = Release|Any CPU
		{42714CFB-5E93-46F1-91E9-AEFEFD401333}.Release|Any CPU.Build.0 = Release|Any CPU
	EndGlobalSection
	GlobalSection(SolutionProperties) = preSolution
		HideSolutionNode = FALSE
	EndGlobalSection
	GlobalSection(ExtensibilityGlobals) = postSolution
		SolutionGuid = {3649EB5F-D364-4004-86CD-4C200C1DACF6}
	EndGlobalSection
EndGlobal
